// !$*UTF8*$!
{
	archiveVersion = 1;
	classes = {
	};
	objectVersion = 56;
	objects = {

/* Begin PBXBuildFile section */
		F20E44A42988832D0006CB50 /* HomeView.swift in Sources */ = {isa = PBXBuildFile; fileRef = F20E44A32988832D0006CB50 /* HomeView.swift */; };
		F24491FB298DC8ED001D49D9 /* AngularButtonStyle.swift in Sources */ = {isa = PBXBuildFile; fileRef = F24491FA298DC8EC001D49D9 /* AngularButtonStyle.swift */; };
		F24491FD298DCE77001D49D9 /* InputStyle.swift in Sources */ = {isa = PBXBuildFile; fileRef = F24491FC298DCE76001D49D9 /* InputStyle.swift */; };
		F24491FF298DD404001D49D9 /* ModalView.swift in Sources */ = {isa = PBXBuildFile; fileRef = F24491FE298DD404001D49D9 /* ModalView.swift */; };
		F2449201298DD4CD001D49D9 /* SignInView.swift in Sources */ = {isa = PBXBuildFile; fileRef = F2449200298DD4CD001D49D9 /* SignInView.swift */; };
		F2468A05298D60760094D344 /* Suggestion.swift in Sources */ = {isa = PBXBuildFile; fileRef = F2468A04298D60760094D344 /* Suggestion.swift */; };
		F2468A07298D66A60094D344 /* SignUpView.swift in Sources */ = {isa = PBXBuildFile; fileRef = F2468A06298D66A60094D344 /* SignUpView.swift */; };
		F2498F362981E4D200C199F8 /* CryptoApp.swift in Sources */ = {isa = PBXBuildFile; fileRef = F2498F352981E4D200C199F8 /* CryptoApp.swift */; };
		F2498F382981E4D200C199F8 /* ContentView.swift in Sources */ = {isa = PBXBuildFile; fileRef = F2498F372981E4D200C199F8 /* ContentView.swift */; };
		F2498F3A2981E4D500C199F8 /* Assets.xcassets in Resources */ = {isa = PBXBuildFile; fileRef = F2498F392981E4D500C199F8 /* Assets.xcassets */; };
		F2498F3D2981E4D500C199F8 /* Preview Assets.xcassets in Resources */ = {isa = PBXBuildFile; fileRef = F2498F3C2981E4D500C199F8 /* Preview Assets.xcassets */; };
		F2498F442981EFEF00C199F8 /* Styles.swift in Sources */ = {isa = PBXBuildFile; fileRef = F2498F432981EFEF00C199F8 /* Styles.swift */; };
		F26FAAA2298968B00061CDB1 /* FeaturedItem.swift in Sources */ = {isa = PBXBuildFile; fileRef = F26FAAA1298968B00061CDB1 /* FeaturedItem.swift */; };
		F26FAAA4298969B00061CDB1 /* NavigationBar.swift in Sources */ = {isa = PBXBuildFile; fileRef = F26FAAA3298969B00061CDB1 /* NavigationBar.swift */; };
		F26FAAA629896D410061CDB1 /* PreferenceKeys.swift in Sources */ = {isa = PBXBuildFile; fileRef = F26FAAA529896D410061CDB1 /* PreferenceKeys.swift */; };
		F26FAAA8298970AD0061CDB1 /* AnimatableFontModifier.swift in Sources */ = {isa = PBXBuildFile; fileRef = F26FAAA7298970AD0061CDB1 /* AnimatableFontModifier.swift */; };
		F271FD262993099B003784B8 /* NotificationsView.swift in Sources */ = {isa = PBXBuildFile; fileRef = F271FD252993099B003784B8 /* NotificationsView.swift */; };
		F271FD2829930A26003784B8 /* LibraryView.swift in Sources */ = {isa = PBXBuildFile; fileRef = F271FD2729930A26003784B8 /* LibraryView.swift */; };
		F271FD2A29930A66003784B8 /* CertificateView.swift in Sources */ = {isa = PBXBuildFile; fileRef = F271FD2929930A66003784B8 /* CertificateView.swift */; };
		F2770B53298C6F0C000A830D /* Model.swift in Sources */ = {isa = PBXBuildFile; fileRef = F2770B52298C6F0C000A830D /* Model.swift */; };
		F292B2392989DF6500CA809C /* Course.swift in Sources */ = {isa = PBXBuildFile; fileRef = F292B2382989DF6500CA809C /* Course.swift */; };
		F293E3692991C54A004DDFC7 /* CircularView.swift in Sources */ = {isa = PBXBuildFile; fileRef = F293E3682991C54A004DDFC7 /* CircularView.swift */; };
		F293E36B2991C642004DDFC7 /* CourseSection.swift in Sources */ = {isa = PBXBuildFile; fileRef = F293E36A2991C642004DDFC7 /* CourseSection.swift */; };
		F293E36D2991C769004DDFC7 /* SectionRow.swift in Sources */ = {isa = PBXBuildFile; fileRef = F293E36C2991C768004DDFC7 /* SectionRow.swift */; };
		F293E36F2991C879004DDFC7 /* SectionView.swift in Sources */ = {isa = PBXBuildFile; fileRef = F293E36E2991C879004DDFC7 /* SectionView.swift */; };
		F2960780298EC32900720391 /* AvatarView.swift in Sources */ = {isa = PBXBuildFile; fileRef = F296077F298EC32900720391 /* AvatarView.swift */; };
		F2970F1229849DAA00982F1F /* TabBar.swift in Sources */ = {isa = PBXBuildFile; fileRef = F2970F1129849DAA00982F1F /* TabBar.swift */; };
		F2970F142984A0F000982F1F /* Tab.swift in Sources */ = {isa = PBXBuildFile; fileRef = F2970F132984A0F000982F1F /* Tab.swift */; };
		F2A6E3BB299015D700FA91B2 /* Address.swift in Sources */ = {isa = PBXBuildFile; fileRef = F2A6E3BA299015D700FA91B2 /* Address.swift */; };
		F2A6E3BD2990173200FA91B2 /* Coin.swift in Sources */ = {isa = PBXBuildFile; fileRef = F2A6E3BC2990173200FA91B2 /* Coin.swift */; };
		F2AD2719298B18700092C7CB /* CourseItem.swift in Sources */ = {isa = PBXBuildFile; fileRef = F2AD2718298B18700092C7CB /* CourseItem.swift */; };
		F2AD271B298B18F80092C7CB /* CourseView.swift in Sources */ = {isa = PBXBuildFile; fileRef = F2AD271A298B18F80092C7CB /* CourseView.swift */; };
		F2AD271D298B1DB80092C7CB /* Animations.swift in Sources */ = {isa = PBXBuildFile; fileRef = F2AD271C298B1DB80092C7CB /* Animations.swift */; };
		F2CCFBF72983307500B6E3AE /* AccountView.swift in Sources */ = {isa = PBXBuildFile; fileRef = F2CCFBF62983307500B6E3AE /* AccountView.swift */; };
		F2CCFBF929833F3300B6E3AE /* HexagonView.swift in Sources */ = {isa = PBXBuildFile; fileRef = F2CCFBF829833F3300B6E3AE /* HexagonView.swift */; };
		F2CCFBFB2983437200B6E3AE /* BlobView.swift in Sources */ = {isa = PBXBuildFile; fileRef = F2CCFBFA2983437200B6E3AE /* BlobView.swift */; };
		F2D3CD452991CE5C00FBA05F /* PlayView.swift in Sources */ = {isa = PBXBuildFile; fileRef = F2D3CD442991CE5C00FBA05F /* PlayView.swift */; };
		F2D3CD472991D03400FBA05F /* ExploreView.swift in Sources */ = {isa = PBXBuildFile; fileRef = F2D3CD462991D03400FBA05F /* ExploreView.swift */; };
		F2D3CD492991D0AB00FBA05F /* SmallCourseItem.swift in Sources */ = {isa = PBXBuildFile; fileRef = F2D3CD482991D0AB00FBA05F /* SmallCourseItem.swift */; };
		F2D3CD4B2992A92D00FBA05F /* Handbook.swift in Sources */ = {isa = PBXBuildFile; fileRef = F2D3CD4A2992A92D00FBA05F /* Handbook.swift */; };
		F2D3CD4D2992A95400FBA05F /* HandbookItem.swift in Sources */ = {isa = PBXBuildFile; fileRef = F2D3CD4C2992A95400FBA05F /* HandbookItem.swift */; };
		F2D3CD4F2992ABC200FBA05F /* Topic.swift in Sources */ = {isa = PBXBuildFile; fileRef = F2D3CD4E2992ABC200FBA05F /* Topic.swift */; };
		F2D3CD512992AC1600FBA05F /* ListRow.swift in Sources */ = {isa = PBXBuildFile; fileRef = F2D3CD502992AC1600FBA05F /* ListRow.swift */; };
		F2F8E006298D5B44000CC6EF /* SearchView.swift in Sources */ = {isa = PBXBuildFile; fileRef = F2F8E005298D5B44000CC6EF /* SearchView.swift */; };
/* End PBXBuildFile section */

/* Begin PBXFileReference section */
		F20E44A32988832D0006CB50 /* HomeView.swift */ = {isa = PBXFileReference; lastKnownFileType = sourcecode.swift; path = HomeView.swift; sourceTree = "<group>"; };
		F24491FA298DC8EC001D49D9 /* AngularButtonStyle.swift */ = {isa = PBXFileReference; lastKnownFileType = sourcecode.swift; path = AngularButtonStyle.swift; sourceTree = "<group>"; };
		F24491FC298DCE76001D49D9 /* InputStyle.swift */ = {isa = PBXFileReference; lastKnownFileType = sourcecode.swift; path = InputStyle.swift; sourceTree = "<group>"; };
		F24491FE298DD404001D49D9 /* ModalView.swift */ = {isa = PBXFileReference; lastKnownFileType = sourcecode.swift; path = ModalView.swift; sourceTree = "<group>"; };
		F2449200298DD4CD001D49D9 /* SignInView.swift */ = {isa = PBXFileReference; lastKnownFileType = sourcecode.swift; path = SignInView.swift; sourceTree = "<group>"; };
		F2468A04298D60760094D344 /* Suggestion.swift */ = {isa = PBXFileReference; lastKnownFileType = sourcecode.swift; path = Suggestion.swift; sourceTree = "<group>"; };
		F2468A06298D66A60094D344 /* SignUpView.swift */ = {isa = PBXFileReference; lastKnownFileType = sourcecode.swift; path = SignUpView.swift; sourceTree = "<group>"; };
		F2498F322981E4D200C199F8 /* Crypto.app */ = {isa = PBXFileReference; explicitFileType = wrapper.application; includeInIndex = 0; path = Crypto.app; sourceTree = BUILT_PRODUCTS_DIR; };
		F2498F352981E4D200C199F8 /* CryptoApp.swift */ = {isa = PBXFileReference; lastKnownFileType = sourcecode.swift; path = CryptoApp.swift; sourceTree = "<group>"; };
		F2498F372981E4D200C199F8 /* ContentView.swift */ = {isa = PBXFileReference; lastKnownFileType = sourcecode.swift; path = ContentView.swift; sourceTree = "<group>"; };
		F2498F392981E4D500C199F8 /* Assets.xcassets */ = {isa = PBXFileReference; lastKnownFileType = folder.assetcatalog; path = Assets.xcassets; sourceTree = "<group>"; };
		F2498F3C2981E4D500C199F8 /* Preview Assets.xcassets */ = {isa = PBXFileReference; lastKnownFileType = folder.assetcatalog; path = "Preview Assets.xcassets"; sourceTree = "<group>"; };
		F2498F432981EFEF00C199F8 /* Styles.swift */ = {isa = PBXFileReference; lastKnownFileType = sourcecode.swift; path = Styles.swift; sourceTree = "<group>"; };
		F26FAAA1298968B00061CDB1 /* FeaturedItem.swift */ = {isa = PBXFileReference; lastKnownFileType = sourcecode.swift; path = FeaturedItem.swift; sourceTree = "<group>"; };
		F26FAAA3298969B00061CDB1 /* NavigationBar.swift */ = {isa = PBXFileReference; lastKnownFileType = sourcecode.swift; path = NavigationBar.swift; sourceTree = "<group>"; };
		F26FAAA529896D410061CDB1 /* PreferenceKeys.swift */ = {isa = PBXFileReference; lastKnownFileType = sourcecode.swift; path = PreferenceKeys.swift; sourceTree = "<group>"; };
		F26FAAA7298970AD0061CDB1 /* AnimatableFontModifier.swift */ = {isa = PBXFileReference; lastKnownFileType = sourcecode.swift; path = AnimatableFontModifier.swift; sourceTree = "<group>"; };
		F271FD252993099B003784B8 /* NotificationsView.swift */ = {isa = PBXFileReference; lastKnownFileType = sourcecode.swift; path = NotificationsView.swift; sourceTree = "<group>"; };
		F271FD2729930A26003784B8 /* LibraryView.swift */ = {isa = PBXFileReference; lastKnownFileType = sourcecode.swift; path = LibraryView.swift; sourceTree = "<group>"; };
		F271FD2929930A66003784B8 /* CertificateView.swift */ = {isa = PBXFileReference; lastKnownFileType = sourcecode.swift; path = CertificateView.swift; sourceTree = "<group>"; };
		F2770B52298C6F0C000A830D /* Model.swift */ = {isa = PBXFileReference; lastKnownFileType = sourcecode.swift; path = Model.swift; sourceTree = "<group>"; };
		F292B2382989DF6500CA809C /* Course.swift */ = {isa = PBXFileReference; lastKnownFileType = sourcecode.swift; path = Course.swift; sourceTree = "<group>"; };
		F293E3682991C54A004DDFC7 /* CircularView.swift */ = {isa = PBXFileReference; lastKnownFileType = sourcecode.swift; path = CircularView.swift; sourceTree = "<group>"; };
		F293E36A2991C642004DDFC7 /* CourseSection.swift */ = {isa = PBXFileReference; lastKnownFileType = sourcecode.swift; path = CourseSection.swift; sourceTree = "<group>"; };
		F293E36C2991C768004DDFC7 /* SectionRow.swift */ = {isa = PBXFileReference; lastKnownFileType = sourcecode.swift; path = SectionRow.swift; sourceTree = "<group>"; };
		F293E36E2991C879004DDFC7 /* SectionView.swift */ = {isa = PBXFileReference; lastKnownFileType = sourcecode.swift; path = SectionView.swift; sourceTree = "<group>"; };
		F296077F298EC32900720391 /* AvatarView.swift */ = {isa = PBXFileReference; lastKnownFileType = sourcecode.swift; path = AvatarView.swift; sourceTree = "<group>"; };
		F2970F1129849DAA00982F1F /* TabBar.swift */ = {isa = PBXFileReference; lastKnownFileType = sourcecode.swift; path = TabBar.swift; sourceTree = "<group>"; };
		F2970F132984A0F000982F1F /* Tab.swift */ = {isa = PBXFileReference; lastKnownFileType = sourcecode.swift; path = Tab.swift; sourceTree = "<group>"; };
		F2A6E3BA299015D700FA91B2 /* Address.swift */ = {isa = PBXFileReference; lastKnownFileType = sourcecode.swift; path = Address.swift; sourceTree = "<group>"; };
		F2A6E3BC2990173200FA91B2 /* Coin.swift */ = {isa = PBXFileReference; lastKnownFileType = sourcecode.swift; path = Coin.swift; sourceTree = "<group>"; };
		F2AD2718298B18700092C7CB /* CourseItem.swift */ = {isa = PBXFileReference; lastKnownFileType = sourcecode.swift; path = CourseItem.swift; sourceTree = "<group>"; };
		F2AD271A298B18F80092C7CB /* CourseView.swift */ = {isa = PBXFileReference; lastKnownFileType = sourcecode.swift; path = CourseView.swift; sourceTree = "<group>"; };
		F2AD271C298B1DB80092C7CB /* Animations.swift */ = {isa = PBXFileReference; lastKnownFileType = sourcecode.swift; path = Animations.swift; sourceTree = "<group>"; };
		F2CCFBF62983307500B6E3AE /* AccountView.swift */ = {isa = PBXFileReference; lastKnownFileType = sourcecode.swift; path = AccountView.swift; sourceTree = "<group>"; };
		F2CCFBF829833F3300B6E3AE /* HexagonView.swift */ = {isa = PBXFileReference; lastKnownFileType = sourcecode.swift; path = HexagonView.swift; sourceTree = "<group>"; };
		F2CCFBFA2983437200B6E3AE /* BlobView.swift */ = {isa = PBXFileReference; lastKnownFileType = sourcecode.swift; path = BlobView.swift; sourceTree = "<group>"; };
		F2D3CD442991CE5C00FBA05F /* PlayView.swift */ = {isa = PBXFileReference; lastKnownFileType = sourcecode.swift; path = PlayView.swift; sourceTree = "<group>"; };
		F2D3CD462991D03400FBA05F /* ExploreView.swift */ = {isa = PBXFileReference; lastKnownFileType = sourcecode.swift; path = ExploreView.swift; sourceTree = "<group>"; };
		F2D3CD482991D0AB00FBA05F /* SmallCourseItem.swift */ = {isa = PBXFileReference; lastKnownFileType = sourcecode.swift; path = SmallCourseItem.swift; sourceTree = "<group>"; };
		F2D3CD4A2992A92D00FBA05F /* Handbook.swift */ = {isa = PBXFileReference; lastKnownFileType = sourcecode.swift; path = Handbook.swift; sourceTree = "<group>"; };
		F2D3CD4C2992A95400FBA05F /* HandbookItem.swift */ = {isa = PBXFileReference; lastKnownFileType = sourcecode.swift; path = HandbookItem.swift; sourceTree = "<group>"; };
		F2D3CD4E2992ABC200FBA05F /* Topic.swift */ = {isa = PBXFileReference; lastKnownFileType = sourcecode.swift; path = Topic.swift; sourceTree = "<group>"; };
		F2D3CD502992AC1600FBA05F /* ListRow.swift */ = {isa = PBXFileReference; lastKnownFileType = sourcecode.swift; path = ListRow.swift; sourceTree = "<group>"; };
		F2F8E005298D5B44000CC6EF /* SearchView.swift */ = {isa = PBXFileReference; lastKnownFileType = sourcecode.swift; path = SearchView.swift; sourceTree = "<group>"; };
/* End PBXFileReference section */

/* Begin PBXFrameworksBuildPhase section */
		F2498F2F2981E4D200C199F8 /* Frameworks */ = {
			isa = PBXFrameworksBuildPhase;
			buildActionMask = 2147483647;
			files = (
			);
			runOnlyForDeploymentPostprocessing = 0;
		};
/* End PBXFrameworksBuildPhase section */

/* Begin PBXGroup section */
		F20E44A5298884910006CB50 /* Navigation */ = {
			isa = PBXGroup;
			children = (
				F2498F372981E4D200C199F8 /* ContentView.swift */,
				F2970F1129849DAA00982F1F /* TabBar.swift */,
				F26FAAA3298969B00061CDB1 /* NavigationBar.swift */,
			);
			path = Navigation;
			sourceTree = "<group>";
		};
		F20E44A62988849F0006CB50 /* Views */ = {
			isa = PBXGroup;
			children = (
				F2D3CD522992AD0F00FBA05F /* Main */,
				F2D3CD542992AD3600FBA05F /* Detail */,
				F2D3CD532992AD2700FBA05F /* Sheets */,
				F296077E298EBC8E00720391 /* Modals */,
			);
			path = Views;
			sourceTree = "<group>";
		};
		F20E44A7298884B00006CB50 /* Components */ = {
			isa = PBXGroup;
			children = (
				F2D3CD552992ADC200FBA05F /* Items */,
				F2D3CD562992ADCE00FBA05F /* Buttons */,
				F2D3CD572992ADDB00FBA05F /* Graphics */,
			);
			path = Components;
			sourceTree = "<group>";
		};
		F20E44A8298884BF0006CB50 /* Model */ = {
			isa = PBXGroup;
			children = (
				F2970F132984A0F000982F1F /* Tab.swift */,
				F26FAAA529896D410061CDB1 /* PreferenceKeys.swift */,
				F292B2382989DF6500CA809C /* Course.swift */,
				F2770B52298C6F0C000A830D /* Model.swift */,
				F2468A04298D60760094D344 /* Suggestion.swift */,
				F2A6E3BA299015D700FA91B2 /* Address.swift */,
				F2A6E3BC2990173200FA91B2 /* Coin.swift */,
				F293E36A2991C642004DDFC7 /* CourseSection.swift */,
				F2D3CD4A2992A92D00FBA05F /* Handbook.swift */,
				F2D3CD4E2992ABC200FBA05F /* Topic.swift */,
			);
			path = Model;
			sourceTree = "<group>";
		};
		F20E44AA298884E00006CB50 /* Styles */ = {
			isa = PBXGroup;
			children = (
				F2498F432981EFEF00C199F8 /* Styles.swift */,
				F26FAAA7298970AD0061CDB1 /* AnimatableFontModifier.swift */,
				F2AD271C298B1DB80092C7CB /* Animations.swift */,
				F24491FA298DC8EC001D49D9 /* AngularButtonStyle.swift */,
				F24491FC298DCE76001D49D9 /* InputStyle.swift */,
			);
			path = Styles;
			sourceTree = "<group>";
		};
		F2498F292981E4D200C199F8 = {
			isa = PBXGroup;
			children = (
				F2498F342981E4D200C199F8 /* Crypto */,
				F2498F332981E4D200C199F8 /* Products */,
			);
			sourceTree = "<group>";
		};
		F2498F332981E4D200C199F8 /* Products */ = {
			isa = PBXGroup;
			children = (
				F2498F322981E4D200C199F8 /* Crypto.app */,
			);
			name = Products;
			sourceTree = "<group>";
		};
		F2498F342981E4D200C199F8 /* Crypto */ = {
			isa = PBXGroup;
			children = (
				F2498F352981E4D200C199F8 /* CryptoApp.swift */,
				F20E44A5298884910006CB50 /* Navigation */,
				F20E44A62988849F0006CB50 /* Views */,
				F20E44A7298884B00006CB50 /* Components */,
				F20E44A8298884BF0006CB50 /* Model */,
				F20E44AA298884E00006CB50 /* Styles */,
				F2498F392981E4D500C199F8 /* Assets.xcassets */,
				F2498F3B2981E4D500C199F8 /* Preview Content */,
			);
			path = Crypto;
			sourceTree = "<group>";
		};
		F2498F3B2981E4D500C199F8 /* Preview Content */ = {
			isa = PBXGroup;
			children = (
				F2498F3C2981E4D500C199F8 /* Preview Assets.xcassets */,
			);
			path = "Preview Content";
			sourceTree = "<group>";
		};
		F296077E298EBC8E00720391 /* Modals */ = {
			isa = PBXGroup;
			children = (
				F2468A06298D66A60094D344 /* SignUpView.swift */,
				F24491FE298DD404001D49D9 /* ModalView.swift */,
				F2449200298DD4CD001D49D9 /* SignInView.swift */,
			);
			path = Modals;
			sourceTree = "<group>";
		};
		F2D3CD522992AD0F00FBA05F /* Main */ = {
			isa = PBXGroup;
			children = (
				F20E44A32988832D0006CB50 /* HomeView.swift */,
				F2D3CD462991D03400FBA05F /* ExploreView.swift */,
				F271FD252993099B003784B8 /* NotificationsView.swift */,
				F271FD2729930A26003784B8 /* LibraryView.swift */,
			);
			path = Main;
			sourceTree = "<group>";
		};
		F2D3CD532992AD2700FBA05F /* Sheets */ = {
			isa = PBXGroup;
			children = (
				F2CCFBF62983307500B6E3AE /* AccountView.swift */,
				F2F8E005298D5B44000CC6EF /* SearchView.swift */,
			);
			path = Sheets;
			sourceTree = "<group>";
		};
		F2D3CD542992AD3600FBA05F /* Detail */ = {
			isa = PBXGroup;
			children = (
				F2AD271A298B18F80092C7CB /* CourseView.swift */,
				F293E36E2991C879004DDFC7 /* SectionView.swift */,
			);
			path = Detail;
			sourceTree = "<group>";
		};
		F2D3CD552992ADC200FBA05F /* Items */ = {
			isa = PBXGroup;
			children = (
				F26FAAA1298968B00061CDB1 /* FeaturedItem.swift */,
				F2AD2718298B18700092C7CB /* CourseItem.swift */,
				F293E36C2991C768004DDFC7 /* SectionRow.swift */,
				F2D3CD482991D0AB00FBA05F /* SmallCourseItem.swift */,
				F2D3CD4C2992A95400FBA05F /* HandbookItem.swift */,
				F2D3CD502992AC1600FBA05F /* ListRow.swift */,
				F271FD2929930A66003784B8 /* CertificateView.swift */,
			);
			path = Items;
			sourceTree = "<group>";
		};
		F2D3CD562992ADCE00FBA05F /* Buttons */ = {
			isa = PBXGroup;
			children = (
				F296077F298EC32900720391 /* AvatarView.swift */,
				F2D3CD442991CE5C00FBA05F /* PlayView.swift */,
			);
			path = Buttons;
			sourceTree = "<group>";
		};
		F2D3CD572992ADDB00FBA05F /* Graphics */ = {
			isa = PBXGroup;
			children = (
				F2CCFBF829833F3300B6E3AE /* HexagonView.swift */,
				F2CCFBFA2983437200B6E3AE /* BlobView.swift */,
				F293E3682991C54A004DDFC7 /* CircularView.swift */,
			);
			path = Graphics;
			sourceTree = "<group>";
		};
/* End PBXGroup section */

/* Begin PBXNativeTarget section */
		F2498F312981E4D200C199F8 /* Crypto */ = {
			isa = PBXNativeTarget;
			buildConfigurationList = F2498F402981E4D500C199F8 /* Build configuration list for PBXNativeTarget "Crypto" */;
			buildPhases = (
				F2498F2E2981E4D200C199F8 /* Sources */,
				F2498F2F2981E4D200C199F8 /* Frameworks */,
				F2498F302981E4D200C199F8 /* Resources */,
			);
			buildRules = (
			);
			dependencies = (
			);
			name = Crypto;
			productName = Crypto;
			productReference = F2498F322981E4D200C199F8 /* Crypto.app */;
			productType = "com.apple.product-type.application";
		};
/* End PBXNativeTarget section */

/* Begin PBXProject section */
		F2498F2A2981E4D200C199F8 /* Project object */ = {
			isa = PBXProject;
			attributes = {
				BuildIndependentTargetsInParallel = 1;
				LastSwiftUpdateCheck = 1420;
				LastUpgradeCheck = 1420;
				TargetAttributes = {
					F2498F312981E4D200C199F8 = {
						CreatedOnToolsVersion = 14.2;
					};
				};
			};
			buildConfigurationList = F2498F2D2981E4D200C199F8 /* Build configuration list for PBXProject "Crypto" */;
			compatibilityVersion = "Xcode 14.0";
			developmentRegion = en;
			hasScannedForEncodings = 0;
			knownRegions = (
				en,
				Base,
			);
			mainGroup = F2498F292981E4D200C199F8;
			productRefGroup = F2498F332981E4D200C199F8 /* Products */;
			projectDirPath = "";
			projectRoot = "";
			targets = (
				F2498F312981E4D200C199F8 /* Crypto */,
			);
		};
/* End PBXProject section */

/* Begin PBXResourcesBuildPhase section */
		F2498F302981E4D200C199F8 /* Resources */ = {
			isa = PBXResourcesBuildPhase;
			buildActionMask = 2147483647;
			files = (
				F2498F3D2981E4D500C199F8 /* Preview Assets.xcassets in Resources */,
				F2498F3A2981E4D500C199F8 /* Assets.xcassets in Resources */,
			);
			runOnlyForDeploymentPostprocessing = 0;
		};
/* End PBXResourcesBuildPhase section */

/* Begin PBXSourcesBuildPhase section */
		F2498F2E2981E4D200C199F8 /* Sources */ = {
			isa = PBXSourcesBuildPhase;
			buildActionMask = 2147483647;
			files = (
				F2F8E006298D5B44000CC6EF /* SearchView.swift in Sources */,
				F20E44A42988832D0006CB50 /* HomeView.swift in Sources */,
				F293E36F2991C879004DDFC7 /* SectionView.swift in Sources */,
				F2CCFBF72983307500B6E3AE /* AccountView.swift in Sources */,
				F2D3CD512992AC1600FBA05F /* ListRow.swift in Sources */,
				F2D3CD452991CE5C00FBA05F /* PlayView.swift in Sources */,
				F2AD271B298B18F80092C7CB /* CourseView.swift in Sources */,
				F2CCFBF929833F3300B6E3AE /* HexagonView.swift in Sources */,
				F2468A05298D60760094D344 /* Suggestion.swift in Sources */,
				F2A6E3BB299015D700FA91B2 /* Address.swift in Sources */,
				F2498F442981EFEF00C199F8 /* Styles.swift in Sources */,
				F2960780298EC32900720391 /* AvatarView.swift in Sources */,
				F2D3CD4D2992A95400FBA05F /* HandbookItem.swift in Sources */,
				F2970F142984A0F000982F1F /* Tab.swift in Sources */,
				F26FAAA4298969B00061CDB1 /* NavigationBar.swift in Sources */,
				F2D3CD472991D03400FBA05F /* ExploreView.swift in Sources */,
				F24491FB298DC8ED001D49D9 /* AngularButtonStyle.swift in Sources */,
				F2D3CD4B2992A92D00FBA05F /* Handbook.swift in Sources */,
				F2CCFBFB2983437200B6E3AE /* BlobView.swift in Sources */,
				F2449201298DD4CD001D49D9 /* SignInView.swift in Sources */,
				F271FD2A29930A66003784B8 /* CertificateView.swift in Sources */,
				F293E3692991C54A004DDFC7 /* CircularView.swift in Sources */,
				F293E36B2991C642004DDFC7 /* CourseSection.swift in Sources */,
				F271FD2829930A26003784B8 /* LibraryView.swift in Sources */,
				F2A6E3BD2990173200FA91B2 /* Coin.swift in Sources */,
				F2D3CD492991D0AB00FBA05F /* SmallCourseItem.swift in Sources */,
				F2498F382981E4D200C199F8 /* ContentView.swift in Sources */,
				F292B2392989DF6500CA809C /* Course.swift in Sources */,
				F2498F362981E4D200C199F8 /* CryptoApp.swift in Sources */,
				F2AD2719298B18700092C7CB /* CourseItem.swift in Sources */,
				F26FAAA2298968B00061CDB1 /* FeaturedItem.swift in Sources */,
				F2468A07298D66A60094D344 /* SignUpView.swift in Sources */,
				F293E36D2991C769004DDFC7 /* SectionRow.swift in Sources */,
				F271FD262993099B003784B8 /* NotificationsView.swift in Sources */,
				F2AD271D298B1DB80092C7CB /* Animations.swift in Sources */,
				F26FAAA629896D410061CDB1 /* PreferenceKeys.swift in Sources */,
				F24491FD298DCE77001D49D9 /* InputStyle.swift in Sources */,
				F2D3CD4F2992ABC200FBA05F /* Topic.swift in Sources */,
				F2770B53298C6F0C000A830D /* Model.swift in Sources */,
				F2970F1229849DAA00982F1F /* TabBar.swift in Sources */,
				F26FAAA8298970AD0061CDB1 /* AnimatableFontModifier.swift in Sources */,
				F24491FF298DD404001D49D9 /* ModalView.swift in Sources */,
			);
			runOnlyForDeploymentPostprocessing = 0;
		};
/* End PBXSourcesBuildPhase section */

/* Begin XCBuildConfiguration section */
		F2498F3E2981E4D500C199F8 /* Debug */ = {
			isa = XCBuildConfiguration;
			buildSettings = {
				ALWAYS_SEARCH_USER_PATHS = NO;
				CLANG_ANALYZER_NONNULL = YES;
				CLANG_ANALYZER_NUMBER_OBJECT_CONVERSION = YES_AGGRESSIVE;
				CLANG_CXX_LANGUAGE_STANDARD = "gnu++20";
				CLANG_ENABLE_MODULES = YES;
				CLANG_ENABLE_OBJC_ARC = YES;
				CLANG_ENABLE_OBJC_WEAK = YES;
				CLANG_WARN_BLOCK_CAPTURE_AUTORELEASING = YES;
				CLANG_WARN_BOOL_CONVERSION = YES;
				CLANG_WARN_COMMA = YES;
				CLANG_WARN_CONSTANT_CONVERSION = YES;
				CLANG_WARN_DEPRECATED_OBJC_IMPLEMENTATIONS = YES;
				CLANG_WARN_DIRECT_OBJC_ISA_USAGE = YES_ERROR;
				CLANG_WARN_DOCUMENTATION_COMMENTS = YES;
				CLANG_WARN_EMPTY_BODY = YES;
				CLANG_WARN_ENUM_CONVERSION = YES;
				CLANG_WARN_INFINITE_RECURSION = YES;
				CLANG_WARN_INT_CONVERSION = YES;
				CLANG_WARN_NON_LITERAL_NULL_CONVERSION = YES;
				CLANG_WARN_OBJC_IMPLICIT_RETAIN_SELF = YES;
				CLANG_WARN_OBJC_LITERAL_CONVERSION = YES;
				CLANG_WARN_OBJC_ROOT_CLASS = YES_ERROR;
				CLANG_WARN_QUOTED_INCLUDE_IN_FRAMEWORK_HEADER = YES;
				CLANG_WARN_RANGE_LOOP_ANALYSIS = YES;
				CLANG_WARN_STRICT_PROTOTYPES = YES;
				CLANG_WARN_SUSPICIOUS_MOVE = YES;
				CLANG_WARN_UNGUARDED_AVAILABILITY = YES_AGGRESSIVE;
				CLANG_WARN_UNREACHABLE_CODE = YES;
				CLANG_WARN__DUPLICATE_METHOD_MATCH = YES;
				COPY_PHASE_STRIP = NO;
				DEBUG_INFORMATION_FORMAT = dwarf;
				ENABLE_STRICT_OBJC_MSGSEND = YES;
				ENABLE_TESTABILITY = YES;
				GCC_C_LANGUAGE_STANDARD = gnu11;
				GCC_DYNAMIC_NO_PIC = NO;
				GCC_NO_COMMON_BLOCKS = YES;
				GCC_OPTIMIZATION_LEVEL = 0;
				GCC_PREPROCESSOR_DEFINITIONS = (
					"DEBUG=1",
					"$(inherited)",
				);
				GCC_WARN_64_TO_32_BIT_CONVERSION = YES;
				GCC_WARN_ABOUT_RETURN_TYPE = YES_ERROR;
				GCC_WARN_UNDECLARED_SELECTOR = YES;
				GCC_WARN_UNINITIALIZED_AUTOS = YES_AGGRESSIVE;
				GCC_WARN_UNUSED_FUNCTION = YES;
				GCC_WARN_UNUSED_VARIABLE = YES;
				IPHONEOS_DEPLOYMENT_TARGET = 16.2;
				MTL_ENABLE_DEBUG_INFO = INCLUDE_SOURCE;
				MTL_FAST_MATH = YES;
				ONLY_ACTIVE_ARCH = YES;
				SDKROOT = iphoneos;
				SWIFT_ACTIVE_COMPILATION_CONDITIONS = DEBUG;
				SWIFT_OPTIMIZATION_LEVEL = "-Onone";
			};
			name = Debug;
		};
		F2498F3F2981E4D500C199F8 /* Release */ = {
			isa = XCBuildConfiguration;
			buildSettings = {
				ALWAYS_SEARCH_USER_PATHS = NO;
				CLANG_ANALYZER_NONNULL = YES;
				CLANG_ANALYZER_NUMBER_OBJECT_CONVERSION = YES_AGGRESSIVE;
				CLANG_CXX_LANGUAGE_STANDARD = "gnu++20";
				CLANG_ENABLE_MODULES = YES;
				CLANG_ENABLE_OBJC_ARC = YES;
				CLANG_ENABLE_OBJC_WEAK = YES;
				CLANG_WARN_BLOCK_CAPTURE_AUTORELEASING = YES;
				CLANG_WARN_BOOL_CONVERSION = YES;
				CLANG_WARN_COMMA = YES;
				CLANG_WARN_CONSTANT_CONVERSION = YES;
				CLANG_WARN_DEPRECATED_OBJC_IMPLEMENTATIONS = YES;
				CLANG_WARN_DIRECT_OBJC_ISA_USAGE = YES_ERROR;
				CLANG_WARN_DOCUMENTATION_COMMENTS = YES;
				CLANG_WARN_EMPTY_BODY = YES;
				CLANG_WARN_ENUM_CONVERSION = YES;
				CLANG_WARN_INFINITE_RECURSION = YES;
				CLANG_WARN_INT_CONVERSION = YES;
				CLANG_WARN_NON_LITERAL_NULL_CONVERSION = YES;
				CLANG_WARN_OBJC_IMPLICIT_RETAIN_SELF = YES;
				CLANG_WARN_OBJC_LITERAL_CONVERSION = YES;
				CLANG_WARN_OBJC_ROOT_CLASS = YES_ERROR;
				CLANG_WARN_QUOTED_INCLUDE_IN_FRAMEWORK_HEADER = YES;
				CLANG_WARN_RANGE_LOOP_ANALYSIS = YES;
				CLANG_WARN_STRICT_PROTOTYPES = YES;
				CLANG_WARN_SUSPICIOUS_MOVE = YES;
				CLANG_WARN_UNGUARDED_AVAILABILITY = YES_AGGRESSIVE;
				CLANG_WARN_UNREACHABLE_CODE = YES;
				CLANG_WARN__DUPLICATE_METHOD_MATCH = YES;
				COPY_PHASE_STRIP = NO;
				DEBUG_INFORMATION_FORMAT = "dwarf-with-dsym";
				ENABLE_NS_ASSERTIONS = NO;
				ENABLE_STRICT_OBJC_MSGSEND = YES;
				GCC_C_LANGUAGE_STANDARD = gnu11;
				GCC_NO_COMMON_BLOCKS = YES;
				GCC_WARN_64_TO_32_BIT_CONVERSION = YES;
				GCC_WARN_ABOUT_RETURN_TYPE = YES_ERROR;
				GCC_WARN_UNDECLARED_SELECTOR = YES;
				GCC_WARN_UNINITIALIZED_AUTOS = YES_AGGRESSIVE;
				GCC_WARN_UNUSED_FUNCTION = YES;
				GCC_WARN_UNUSED_VARIABLE = YES;
				IPHONEOS_DEPLOYMENT_TARGET = 16.2;
				MTL_ENABLE_DEBUG_INFO = NO;
				MTL_FAST_MATH = YES;
				SDKROOT = iphoneos;
				SWIFT_COMPILATION_MODE = wholemodule;
				SWIFT_OPTIMIZATION_LEVEL = "-O";
				VALIDATE_PRODUCT = YES;
			};
			name = Release;
		};
		F2498F412981E4D500C199F8 /* Debug */ = {
			isa = XCBuildConfiguration;
			buildSettings = {
				ASSETCATALOG_COMPILER_APPICON_NAME = AppIcon;
				ASSETCATALOG_COMPILER_GLOBAL_ACCENT_COLOR_NAME = AccentColor;
				CODE_SIGN_STYLE = Automatic;
				CURRENT_PROJECT_VERSION = 1;
				DEVELOPMENT_ASSET_PATHS = "\"Crypto/Preview Content\"";
				DEVELOPMENT_TEAM = 8W3WXR362E;
				ENABLE_PREVIEWS = YES;
				GENERATE_INFOPLIST_FILE = YES;
				INFOPLIST_KEY_UIApplicationSceneManifest_Generation = YES;
				INFOPLIST_KEY_UIApplicationSupportsIndirectInputEvents = YES;
				INFOPLIST_KEY_UILaunchScreen_Generation = YES;
				INFOPLIST_KEY_UISupportedInterfaceOrientations_iPad = "UIInterfaceOrientationPortrait UIInterfaceOrientationPortraitUpsideDown UIInterfaceOrientationLandscapeLeft UIInterfaceOrientationLandscapeRight";
				INFOPLIST_KEY_UISupportedInterfaceOrientations_iPhone = "UIInterfaceOrientationPortrait UIInterfaceOrientationLandscapeLeft UIInterfaceOrientationLandscapeRight";
				LD_RUNPATH_SEARCH_PATHS = (
					"$(inherited)",
					"@executable_path/Frameworks",
				);
				MARKETING_VERSION = 1.0;
				PRODUCT_BUNDLE_IDENTIFIER = com.JRApps.Crypto;
				PRODUCT_NAME = "$(TARGET_NAME)";
				SWIFT_EMIT_LOC_STRINGS = YES;
				SWIFT_VERSION = 5.0;
				TARGETED_DEVICE_FAMILY = "1,2";
			};
			name = Debug;
		};
		F2498F422981E4D500C199F8 /* Release */ = {
			isa = XCBuildConfiguration;
			buildSettings = {
				ASSETCATALOG_COMPILER_APPICON_NAME = AppIcon;
				ASSETCATALOG_COMPILER_GLOBAL_ACCENT_COLOR_NAME = AccentColor;
				CODE_SIGN_STYLE = Automatic;
				CURRENT_PROJECT_VERSION = 1;
				DEVELOPMENT_ASSET_PATHS = "\"Crypto/Preview Content\"";
				DEVELOPMENT_TEAM = 8W3WXR362E;
				ENABLE_PREVIEWS = YES;
				GENERATE_INFOPLIST_FILE = YES;
				INFOPLIST_KEY_UIApplicationSceneManifest_Generation = YES;
				INFOPLIST_KEY_UIApplicationSupportsIndirectInputEvents = YES;
				INFOPLIST_KEY_UILaunchScreen_Generation = YES;
				INFOPLIST_KEY_UISupportedInterfaceOrientations_iPad = "UIInterfaceOrientationPortrait UIInterfaceOrientationPortraitUpsideDown UIInterfaceOrientationLandscapeLeft UIInterfaceOrientationLandscapeRight";
				INFOPLIST_KEY_UISupportedInterfaceOrientations_iPhone = "UIInterfaceOrientationPortrait UIInterfaceOrientationLandscapeLeft UIInterfaceOrientationLandscapeRight";
				LD_RUNPATH_SEARCH_PATHS = (
					"$(inherited)",
					"@executable_path/Frameworks",
				);
				MARKETING_VERSION = 1.0;
				PRODUCT_BUNDLE_IDENTIFIER = com.JRApps.Crypto;
				PRODUCT_NAME = "$(TARGET_NAME)";
				SWIFT_EMIT_LOC_STRINGS = YES;
				SWIFT_VERSION = 5.0;
				TARGETED_DEVICE_FAMILY = "1,2";
			};
			name = Release;
		};
/* End XCBuildConfiguration section */

/* Begin XCConfigurationList section */
		F2498F2D2981E4D200C199F8 /* Build configuration list for PBXProject "Crypto" */ = {
			isa = XCConfigurationList;
			buildConfigurations = (
				F2498F3E2981E4D500C199F8 /* Debug */,
				F2498F3F2981E4D500C199F8 /* Release */,
			);
			defaultConfigurationIsVisible = 0;
			defaultConfigurationName = Release;
		};
		F2498F402981E4D500C199F8 /* Build configuration list for PBXNativeTarget "Crypto" */ = {
			isa = XCConfigurationList;
			buildConfigurations = (
				F2498F412981E4D500C199F8 /* Debug */,
				F2498F422981E4D500C199F8 /* Release */,
			);
			defaultConfigurationIsVisible = 0;
			defaultConfigurationName = Release;
		};
/* End XCConfigurationList section */
	};
	rootObject = F2498F2A2981E4D200C199F8 /* Project object */;
}
